{
  "name": "static",
  "version": "1.0.0",
  "lockfileVersion": 3,
  "requires": true,
  "packages": {
    "": {
      "name": "static",
      "version": "1.0.0",
      "license": "ISC",
      "dependencies": {
        "@fortawesome/fontawesome-free": "^6.4.2",
        "bootstrap": "^5.3.0",
        "cropper": "^4.1.0",
        "jdenticon": "^3.2.0",
        "jquery": "^3.7.0",
        "jquery-cropper": "^1.0.1",
        "summernote": "^0.8.20"
      }
    },
    "node_modules/@fortawesome/fontawesome-free": {
      "version": "6.4.2",
      "resolved": "https://registry.npmjs.org/@fortawesome/fontawesome-free/-/fontawesome-free-6.4.2.tgz",
      "integrity": "sha512-m5cPn3e2+FDCOgi1mz0RexTUvvQibBebOUlUlW0+YrMjDTPkiJ6VTKukA1GRsvRw+12KyJndNjj0O4AgTxm2Pg==",
      "hasInstallScript": true,
      "engines": {
        "node": ">=6"
      }
    },
    "node_modules/@popperjs/core": {
      "version": "2.11.8",
      "resolved": "https://registry.npmjs.org/@popperjs/core/-/core-2.11.8.tgz",
      "integrity": "sha512-P1st0aksCrn9sGZhp8GMYwBnQsbvAWsZAX44oXNNvLHGqAOcoVxmjZiohstwQ7SqKnbR47akdNi+uleWD8+g6A==",
      "peer": true,
      "funding": {
        "type": "opencollective",
        "url": "https://opencollective.com/popperjs"
      }
    },
    "node_modules/@types/node": {
      "version": "20.3.2",
      "resolved": "https://registry.npmjs.org/@types/node/-/node-20.3.2.tgz",
      "integrity": "sha512-vOBLVQeCQfIcF/2Y7eKFTqrMnizK5lRNQ7ykML/5RuwVXVWxYkgwS7xbt4B6fKCUPgbSL5FSsjHQpaGQP/dQmw=="
    },
    "node_modules/bootstrap": {
      "version": "5.3.0",
      "resolved": "https://registry.npmjs.org/bootstrap/-/bootstrap-5.3.0.tgz",
      "integrity": "sha512-UnBV3E3v4STVNQdms6jSGO2CvOkjUMdDAVR2V5N4uCMdaIkaQjbcEAMqRimDHIs4uqBYzDAKCQwCB+97tJgHQw==",
      "funding": [
        {
          "type": "github",
          "url": "https://github.com/sponsors/twbs"
        },
        {
          "type": "opencollective",
          "url": "https://opencollective.com/bootstrap"
        }
      ],
      "peerDependencies": {
        "@popperjs/core": "^2.11.7"
      }
    },
    "node_modules/canvas-renderer": {
      "version": "2.2.1",
      "resolved": "https://registry.npmjs.org/canvas-renderer/-/canvas-renderer-2.2.1.tgz",
      "integrity": "sha512-RrBgVL5qCEDIXpJ6NrzyRNoTnXxYarqm/cS/W6ERhUJts5UQtt/XPEosGN3rqUkZ4fjBArlnCbsISJ+KCFnIAg==",
      "dependencies": {
        "@types/node": "*"
      }
    },
    "node_modules/cropper": {
      "version": "4.1.0",
      "resolved": "https://registry.npmjs.org/cropper/-/cropper-4.1.0.tgz",
      "integrity": "sha512-dNbkWNT606oMgRQ2aYMerDnPpSVLBMTWyERDHsDwih1ahJiVpyfSM9ev/n6G4ElfRG8t0shUZ5FXLg7YtmDdBQ==",
      "dependencies": {
        "cropperjs": "^1.5.6"
      },
      "peerDependencies": {
        "jquery": ">=1.9.1"
      }
    },
    "node_modules/cropperjs": {
      "version": "1.5.13",
      "resolved": "https://registry.npmjs.org/cropperjs/-/cropperjs-1.5.13.tgz",
      "integrity": "sha512-by7jKAo73y5/Do0K6sxdTKHgndY0NMjG2bEdgeJxycbcmHuCiMXqw8sxy5C5Y5WTOTcDGmbT7Sr5CgKOXR06OA=="
    },
    "node_modules/jdenticon": {
      "version": "3.2.0",
      "resolved": "https://registry.npmjs.org/jdenticon/-/jdenticon-3.2.0.tgz",
      "integrity": "sha512-z6Iq3fTODUMSOiR2nNYrqigS6Y0GvdXfyQWrUby7htDHvX7GNEwaWR4hcaL+FmhEgBe08Xkup/BKxXQhDJByPA==",
      "dependencies": {
        "canvas-renderer": "~2.2.0"
      },
      "bin": {
        "jdenticon": "bin/jdenticon.js"
      },
      "engines": {
        "node": ">=6.4.0"
      }
    },
    "node_modules/jquery": {
      "version": "3.7.0",
      "resolved": "https://registry.npmjs.org/jquery/-/jquery-3.7.0.tgz",
      "integrity": "sha512-umpJ0/k8X0MvD1ds0P9SfowREz2LenHsQaxSohMZ5OMNEU2r0tf8pdeEFTHMFxWVxKNyU9rTtK3CWzUCTKJUeQ=="
    },
    "node_modules/jquery-cropper": {
      "version": "1.0.1",
      "resolved": "https://registry.npmjs.org/jquery-cropper/-/jquery-cropper-1.0.1.tgz",
      "integrity": "sha512-KGlY8b0IJQi2Bxe3lqMKmd5Z2Ce4GrnDE5O8Iciza9xCzXISkL6EqX/jFHwnLL1H6Q4FGjoRguuv3lxezsbKJQ==",
      "peerDependencies": {
        "cropperjs": ">=1.0.0",
        "jquery": ">=1.9.1"
      }
    },
    "node_modules/summernote": {
      "version": "0.8.20",
      "resolved": "https://registry.npmjs.org/summernote/-/summernote-0.8.20.tgz",
      "integrity": "sha512-W9RhjQjsn+b1s9xiJQgJbCiYGJaDAc9CdEqXo+D13WuStG8lCdtKaO5AiNiSSMJsQJN2EfGSwbBQt+SFE2B8Kw==",
      "hasInstallScript": true
    }
  }
}
